
Microsoft Visual Studio Solution File, Format Version 12.00
# Visual Studio Version 17
VisualStudioVersion = 17.9.34622.214
MinimumVisualStudioVersion = 10.0.40219.1
Project("{9A19103F-16F7-4668-BE54-9A1E7A4F7556}") = "Graduation", "Graduation\Graduation.csproj", "{983F396B-44F9-47B9-AB30-EDCC3BC3CAD0}"
EndProject
Project("{FAE04EC0-301F-11D3-BF4B-00C04F79EFBC}") = "Graduation(Tests)", "Graduation(Tests)\Graduation(Tests).csproj", "{672E9CBE-EF40-45AA-81BE-2555D9826B0A}"
EndProject
Global
	GlobalSection(SolutionConfigurationPlatforms) = preSolution
		Debug|Any CPU = Debug|Any CPU
		Release|Any CPU = Release|Any CPU
	EndGlobalSection
	GlobalSection(ProjectConfigurationPlatforms) = postSolution
		{983F396B-44F9-47B9-AB30-EDCC3BC3CAD0}.Debug|Any CPU.ActiveCfg = Debug|Any CPU
		{983F396B-44F9-47B9-AB30-EDCC3BC3CAD0}.Debug|Any CPU.Build.0 = Debug|Any CPU
		{983F396B-44F9-47B9-AB30-EDCC3BC3CAD0}.Release|Any CPU.ActiveCfg = Release|Any CPU
		{983F396B-44F9-47B9-AB30-EDCC3BC3CAD0}.Release|Any CPU.Build.0 = Release|Any CPU
		{672E9CBE-EF40-45AA-81BE-2555D9826B0A}.Debug|Any CPU.ActiveCfg = Debug|Any CPU
		{672E9CBE-EF40-45AA-81BE-2555D9826B0A}.Debug|Any CPU.Build.0 = Debug|Any CPU
		{672E9CBE-EF40-45AA-81BE-2555D9826B0A}.Release|Any CPU.ActiveCfg = Release|Any CPU
		{672E9CBE-EF40-45AA-81BE-2555D9826B0A}.Release|Any CPU.Build.0 = Release|Any CPU
	EndGlobalSection
	GlobalSection(SolutionProperties) = preSolution
		HideSolutionNode = FALSE
	EndGlobalSection
	GlobalSection(ExtensibilityGlobals) = postSolution
		SolutionGuid = {4B176040-2A50-451F-8213-66410E3D8462}
	EndGlobalSection
EndGlobal
